
Microsoft Visual Studio Solution File, Format Version 12.00
# Visual Studio Version 17
VisualStudioVersion = 17.9.34714.143
MinimumVisualStudioVersion = 10.0.40219.1
Project("{888888A0-9F3D-457C-B088-3A5042F75D52}") = "number_gen", "number_gen.pyproj", "{84DE11CA-2A9E-4416-BA16-38C7F2FCCBD0}"
EndProject
Global
	GlobalSection(SolutionConfigurationPlatforms) = preSolution
		Debug|Any CPU = Debug|Any CPU
		Release|Any CPU = Release|Any CPU
	EndGlobalSection
	GlobalSection(ProjectConfigurationPlatforms) = postSolution
		{84DE11CA-2A9E-4416-BA16-38C7F2FCCBD0}.Debug|Any CPU.ActiveCfg = Debug|Any CPU
		{84DE11CA-2A9E-4416-BA16-38C7F2FCCBD0}.Release|Any CPU.ActiveCfg = Release|Any CPU
	EndGlobalSection
	GlobalSection(SolutionProperties) = preSolution
		HideSolutionNode = FALSE
	EndGlobalSection
	GlobalSection(ExtensibilityGlobals) = postSolution
		SolutionGuid = {2DA91396-A35D-47CD-B5E2-002688FBE450}
	EndGlobalSection
EndGlobal
